
Microsoft Visual Studio Solution File, Format Version 12.00
# Visual Studio Version 17
VisualStudioVersion = 17.10.35004.147
MinimumVisualStudioVersion = 10.0.40219.1
Project("{9A19103F-16F7-4668-BE54-9A1E7A4F7556}") = "FastFood", "FastFood\FastFood.csproj", "{FCF33EE6-24E5-4308-8CD6-3368C170AC5F}"
EndProject
Global
	GlobalSection(SolutionConfigurationPlatforms) = preSolution
		Debug|Any CPU = Debug|Any CPU
		Release|Any CPU = Release|Any CPU
	EndGlobalSection
	GlobalSection(ProjectConfigurationPlatforms) = postSolution
		{FCF33EE6-24E5-4308-8CD6-3368C170AC5F}.Debug|Any CPU.ActiveCfg = Debug|Any CPU
		{FCF33EE6-24E5-4308-8CD6-3368C170AC5F}.Debug|Any CPU.Build.0 = Debug|Any CPU
		{FCF33EE6-24E5-4308-8CD6-3368C170AC5F}.Release|Any CPU.ActiveCfg = Release|Any CPU
		{FCF33EE6-24E5-4308-8CD6-3368C170AC5F}.Release|Any CPU.Build.0 = Release|Any CPU
	EndGlobalSection
	GlobalSection(SolutionProperties) = preSolution
		HideSolutionNode = FALSE
	EndGlobalSection
	GlobalSection(ExtensibilityGlobals) = postSolution
		SolutionGuid = {3CE2FEB2-21DB-494C-AC78-29D58B94A74D}
	EndGlobalSection
EndGlobal
